
Microsoft Visual Studio Solution File, Format Version 11.00
# Visual Studio 2010
Project("{FAE04EC0-301F-11D3-BF4B-00C04F79EFBC}") = "Asato", "Assembly-CSharp-firstpass.csproj", "{D23C3C68-22B0-3D58-9A9F-4652FD06AF29}"
EndProject
Project("{FAE04EC0-301F-11D3-BF4B-00C04F79EFBC}") = "Asato", "Assembly-CSharp-Editor-firstpass.csproj", "{8433E6F8-F218-9106-32DB-ED6C4B400D26}"
EndProject
Global
	GlobalSection(SolutionConfigurationPlatforms) = preSolution
		Debug|Any CPU = Debug|Any CPU
		Release|Any CPU = Release|Any CPU
	EndGlobalSection
	GlobalSection(ProjectConfigurationPlatforms) = postSolution
		{D23C3C68-22B0-3D58-9A9F-4652FD06AF29}.Debug|Any CPU.ActiveCfg = Debug|Any CPU
		{D23C3C68-22B0-3D58-9A9F-4652FD06AF29}.Debug|Any CPU.Build.0 = Debug|Any CPU
		{D23C3C68-22B0-3D58-9A9F-4652FD06AF29}.Release|Any CPU.ActiveCfg = Release|Any CPU
		{D23C3C68-22B0-3D58-9A9F-4652FD06AF29}.Release|Any CPU.Build.0 = Release|Any CPU
		{8433E6F8-F218-9106-32DB-ED6C4B400D26}.Debug|Any CPU.ActiveCfg = Debug|Any CPU
		{8433E6F8-F218-9106-32DB-ED6C4B400D26}.Debug|Any CPU.Build.0 = Debug|Any CPU
		{8433E6F8-F218-9106-32DB-ED6C4B400D26}.Release|Any CPU.ActiveCfg = Release|Any CPU
		{8433E6F8-F218-9106-32DB-ED6C4B400D26}.Release|Any CPU.Build.0 = Release|Any CPU
	EndGlobalSection
	GlobalSection(SolutionProperties) = preSolution
		HideSolutionNode = FALSE
	EndGlobalSection
	GlobalSection(MonoDevelopProperties) = preSolution
		StartupItem = Assembly-CSharp.csproj
	EndGlobalSection
EndGlobal
