
Microsoft Visual Studio Solution File, Format Version 12.00
# Visual Studio 2017
Project("{FAE04EC0-301F-11D3-BF4B-00C04F79EFBC}") = "Asato", "Asato.csproj", "{805F2262-2292-E228-3658-E7BE277D5C99}"
EndProject
Project("{FAE04EC0-301F-11D3-BF4B-00C04F79EFBC}") = "Asato.Plugins", "Asato.Plugins.csproj", "{6D0C8902-77FA-D64D-2E38-0F92B7528691}"
EndProject
Project("{FAE04EC0-301F-11D3-BF4B-00C04F79EFBC}") = "Asato.Editor.Plugins", "Asato.Editor.Plugins.csproj", "{F8B6D9AD-6807-6583-CFE8-01DEABE83718}"
EndProject
Global
	GlobalSection(SolutionConfigurationPlatforms) = preSolution
		Debug|Any CPU = Debug|Any CPU
		Release|Any CPU = Release|Any CPU
	EndGlobalSection
	GlobalSection(ProjectConfigurationPlatforms) = postSolution
		{805F2262-2292-E228-3658-E7BE277D5C99}.Debug|Any CPU.ActiveCfg = Debug|Any CPU
		{805F2262-2292-E228-3658-E7BE277D5C99}.Debug|Any CPU.Build.0 = Debug|Any CPU
		{805F2262-2292-E228-3658-E7BE277D5C99}.Release|Any CPU.ActiveCfg = Release|Any CPU
		{805F2262-2292-E228-3658-E7BE277D5C99}.Release|Any CPU.Build.0 = Release|Any CPU
		{6D0C8902-77FA-D64D-2E38-0F92B7528691}.Debug|Any CPU.ActiveCfg = Debug|Any CPU
		{6D0C8902-77FA-D64D-2E38-0F92B7528691}.Debug|Any CPU.Build.0 = Debug|Any CPU
		{6D0C8902-77FA-D64D-2E38-0F92B7528691}.Release|Any CPU.ActiveCfg = Release|Any CPU
		{6D0C8902-77FA-D64D-2E38-0F92B7528691}.Release|Any CPU.Build.0 = Release|Any CPU
		{F8B6D9AD-6807-6583-CFE8-01DEABE83718}.Debug|Any CPU.ActiveCfg = Debug|Any CPU
		{F8B6D9AD-6807-6583-CFE8-01DEABE83718}.Debug|Any CPU.Build.0 = Debug|Any CPU
		{F8B6D9AD-6807-6583-CFE8-01DEABE83718}.Release|Any CPU.ActiveCfg = Release|Any CPU
		{F8B6D9AD-6807-6583-CFE8-01DEABE83718}.Release|Any CPU.Build.0 = Release|Any CPU
	EndGlobalSection
	GlobalSection(SolutionProperties) = preSolution
		HideSolutionNode = FALSE
	EndGlobalSection
EndGlobal
